
Microsoft Visual Studio Solution File, Format Version 12.00
# Visual Studio 14
VisualStudioVersion = 14.0.25420.1
MinimumVisualStudioVersion = 10.0.40219.1
Project("{FAE04EC0-301F-11D3-BF4B-00C04F79EFBC}") = "SharePointApp.Training", "SharePointApp.Training\SharePointApp.Training.csproj", "{F4FE4EFC-3CDB-4A78-965F-758CB7589D14}"
EndProject
Project("{FAE04EC0-301F-11D3-BF4B-00C04F79EFBC}") = "SharePointApp.Training.Events", "SharePointApp.Training.Events\SharePointApp.Training.Events.csproj", "{AFBFA101-3AFB-4FE2-905D-E9C882A48BFB}"
EndProject
Project("{FAE04EC0-301F-11D3-BF4B-00C04F79EFBC}") = "SharePointApp.Training.Ribbon", "SharePointApp.Training.Ribbon\SharePointApp.Training.Ribbon.csproj", "{E7626CBE-416F-47BF-9D9C-53DEB2EED272}"
EndProject
Project("{FAE04EC0-301F-11D3-BF4B-00C04F79EFBC}") = "SharePointApp.Training.TimerJobs", "SharePointApp.Training.TimerJobs\SharePointApp.Training.TimerJobs.csproj", "{CAC12EBD-6DFF-4D54-BD79-B888497CBEA1}"
EndProject
Project("{FAE04EC0-301F-11D3-BF4B-00C04F79EFBC}") = "SharePointApp.Training.RM", "SharePointApp.Training.RegistrationModal\SharePointApp.Training.RM.csproj", "{4C6243FD-C288-41FA-9A9A-834CC54C8A06}"
EndProject
Project("{FAE04EC0-301F-11D3-BF4B-00C04F79EFBC}") = "SharePointApp.Angular", "SharePointApp.Angular\SharePointApp.Angular.csproj", "{A98527CE-82AE-4F0C-BE7E-76D1F7C07B74}"
EndProject
Project("{FAE04EC0-301F-11D3-BF4B-00C04F79EFBC}") = "SharePointApp.AddAttachmentToListItem", "SharePointApp.AddAttachmentToListItem\SharePointApp.AddAttachmentToListItem.csproj", "{59E84859-0C4C-4D3B-9DCA-02B45801A476}"
EndProject
Global
	GlobalSection(SolutionConfigurationPlatforms) = preSolution
		Debug|Any CPU = Debug|Any CPU
		Release|Any CPU = Release|Any CPU
	EndGlobalSection
	GlobalSection(ProjectConfigurationPlatforms) = postSolution
		{F4FE4EFC-3CDB-4A78-965F-758CB7589D14}.Debug|Any CPU.ActiveCfg = Debug|Any CPU
		{F4FE4EFC-3CDB-4A78-965F-758CB7589D14}.Debug|Any CPU.Build.0 = Debug|Any CPU
		{F4FE4EFC-3CDB-4A78-965F-758CB7589D14}.Debug|Any CPU.Deploy.0 = Debug|Any CPU
		{F4FE4EFC-3CDB-4A78-965F-758CB7589D14}.Release|Any CPU.ActiveCfg = Release|Any CPU
		{F4FE4EFC-3CDB-4A78-965F-758CB7589D14}.Release|Any CPU.Build.0 = Release|Any CPU
		{F4FE4EFC-3CDB-4A78-965F-758CB7589D14}.Release|Any CPU.Deploy.0 = Release|Any CPU
		{AFBFA101-3AFB-4FE2-905D-E9C882A48BFB}.Debug|Any CPU.ActiveCfg = Debug|Any CPU
		{AFBFA101-3AFB-4FE2-905D-E9C882A48BFB}.Debug|Any CPU.Build.0 = Debug|Any CPU
		{AFBFA101-3AFB-4FE2-905D-E9C882A48BFB}.Debug|Any CPU.Deploy.0 = Debug|Any CPU
		{AFBFA101-3AFB-4FE2-905D-E9C882A48BFB}.Release|Any CPU.ActiveCfg = Release|Any CPU
		{AFBFA101-3AFB-4FE2-905D-E9C882A48BFB}.Release|Any CPU.Build.0 = Release|Any CPU
		{AFBFA101-3AFB-4FE2-905D-E9C882A48BFB}.Release|Any CPU.Deploy.0 = Release|Any CPU
		{E7626CBE-416F-47BF-9D9C-53DEB2EED272}.Debug|Any CPU.ActiveCfg = Debug|Any CPU
		{E7626CBE-416F-47BF-9D9C-53DEB2EED272}.Debug|Any CPU.Build.0 = Debug|Any CPU
		{E7626CBE-416F-47BF-9D9C-53DEB2EED272}.Debug|Any CPU.Deploy.0 = Debug|Any CPU
		{E7626CBE-416F-47BF-9D9C-53DEB2EED272}.Release|Any CPU.ActiveCfg = Release|Any CPU
		{E7626CBE-416F-47BF-9D9C-53DEB2EED272}.Release|Any CPU.Build.0 = Release|Any CPU
		{E7626CBE-416F-47BF-9D9C-53DEB2EED272}.Release|Any CPU.Deploy.0 = Release|Any CPU
		{CAC12EBD-6DFF-4D54-BD79-B888497CBEA1}.Debug|Any CPU.ActiveCfg = Debug|Any CPU
		{CAC12EBD-6DFF-4D54-BD79-B888497CBEA1}.Debug|Any CPU.Build.0 = Debug|Any CPU
		{CAC12EBD-6DFF-4D54-BD79-B888497CBEA1}.Debug|Any CPU.Deploy.0 = Debug|Any CPU
		{CAC12EBD-6DFF-4D54-BD79-B888497CBEA1}.Release|Any CPU.ActiveCfg = Release|Any CPU
		{CAC12EBD-6DFF-4D54-BD79-B888497CBEA1}.Release|Any CPU.Build.0 = Release|Any CPU
		{CAC12EBD-6DFF-4D54-BD79-B888497CBEA1}.Release|Any CPU.Deploy.0 = Release|Any CPU
		{4C6243FD-C288-41FA-9A9A-834CC54C8A06}.Debug|Any CPU.ActiveCfg = Debug|Any CPU
		{4C6243FD-C288-41FA-9A9A-834CC54C8A06}.Debug|Any CPU.Build.0 = Debug|Any CPU
		{4C6243FD-C288-41FA-9A9A-834CC54C8A06}.Debug|Any CPU.Deploy.0 = Debug|Any CPU
		{4C6243FD-C288-41FA-9A9A-834CC54C8A06}.Release|Any CPU.ActiveCfg = Release|Any CPU
		{4C6243FD-C288-41FA-9A9A-834CC54C8A06}.Release|Any CPU.Build.0 = Release|Any CPU
		{4C6243FD-C288-41FA-9A9A-834CC54C8A06}.Release|Any CPU.Deploy.0 = Release|Any CPU
		{A98527CE-82AE-4F0C-BE7E-76D1F7C07B74}.Debug|Any CPU.ActiveCfg = Debug|Any CPU
		{A98527CE-82AE-4F0C-BE7E-76D1F7C07B74}.Debug|Any CPU.Build.0 = Debug|Any CPU
		{A98527CE-82AE-4F0C-BE7E-76D1F7C07B74}.Debug|Any CPU.Deploy.0 = Debug|Any CPU
		{A98527CE-82AE-4F0C-BE7E-76D1F7C07B74}.Release|Any CPU.ActiveCfg = Release|Any CPU
		{A98527CE-82AE-4F0C-BE7E-76D1F7C07B74}.Release|Any CPU.Build.0 = Release|Any CPU
		{A98527CE-82AE-4F0C-BE7E-76D1F7C07B74}.Release|Any CPU.Deploy.0 = Release|Any CPU
		{59E84859-0C4C-4D3B-9DCA-02B45801A476}.Debug|Any CPU.ActiveCfg = Debug|Any CPU
		{59E84859-0C4C-4D3B-9DCA-02B45801A476}.Debug|Any CPU.Build.0 = Debug|Any CPU
		{59E84859-0C4C-4D3B-9DCA-02B45801A476}.Debug|Any CPU.Deploy.0 = Debug|Any CPU
		{59E84859-0C4C-4D3B-9DCA-02B45801A476}.Release|Any CPU.ActiveCfg = Release|Any CPU
		{59E84859-0C4C-4D3B-9DCA-02B45801A476}.Release|Any CPU.Build.0 = Release|Any CPU
		{59E84859-0C4C-4D3B-9DCA-02B45801A476}.Release|Any CPU.Deploy.0 = Release|Any CPU
	EndGlobalSection
	GlobalSection(SolutionProperties) = preSolution
		HideSolutionNode = FALSE
	EndGlobalSection
EndGlobal
